
Microsoft Visual Studio Solution File, Format Version 12.00
# Visual Studio 15
VisualStudioVersion = 15.0.28307.106
MinimumVisualStudioVersion = 10.0.40219.1
Project("{9A19103F-16F7-4668-BE54-9A1E7A4F7556}") = "ModernShopping.Application", "ModernShopping.Application\ModernShopping.Application.csproj", "{AC7C72EC-5575-4E69-AAE4-248EBEC109FE}"
EndProject
Project("{9A19103F-16F7-4668-BE54-9A1E7A4F7556}") = "ModernShopping.Persistence", "ModernShopping.Persistence\ModernShopping.Persistence.csproj", "{59DC79C9-336E-42FC-8E6A-BEBCA0D824F5}"
EndProject
Project("{9A19103F-16F7-4668-BE54-9A1E7A4F7556}") = "ModernShopping.Presentation", "ModernShopping.Presentation\ModernShopping.Presentation.csproj", "{83816BC1-F644-4FCA-AF89-235C25F534B8}"
EndProject
Project("{9A19103F-16F7-4668-BE54-9A1E7A4F7556}") = "IdentityServerAspNetIdentity", "IdentityServer4WithAspIdentity\IdentityServerAspNetIdentity.csproj", "{E5B89C15-71F5-43B8-A36D-00F9259B50A7}"
EndProject
Global
	GlobalSection(SolutionConfigurationPlatforms) = preSolution
		Debug|Any CPU = Debug|Any CPU
		Release|Any CPU = Release|Any CPU
	EndGlobalSection
	GlobalSection(ProjectConfigurationPlatforms) = postSolution
		{AC7C72EC-5575-4E69-AAE4-248EBEC109FE}.Debug|Any CPU.ActiveCfg = Debug|Any CPU
		{AC7C72EC-5575-4E69-AAE4-248EBEC109FE}.Debug|Any CPU.Build.0 = Debug|Any CPU
		{AC7C72EC-5575-4E69-AAE4-248EBEC109FE}.Release|Any CPU.ActiveCfg = Release|Any CPU
		{AC7C72EC-5575-4E69-AAE4-248EBEC109FE}.Release|Any CPU.Build.0 = Release|Any CPU
		{59DC79C9-336E-42FC-8E6A-BEBCA0D824F5}.Debug|Any CPU.ActiveCfg = Debug|Any CPU
		{59DC79C9-336E-42FC-8E6A-BEBCA0D824F5}.Debug|Any CPU.Build.0 = Debug|Any CPU
		{59DC79C9-336E-42FC-8E6A-BEBCA0D824F5}.Release|Any CPU.ActiveCfg = Release|Any CPU
		{59DC79C9-336E-42FC-8E6A-BEBCA0D824F5}.Release|Any CPU.Build.0 = Release|Any CPU
		{83816BC1-F644-4FCA-AF89-235C25F534B8}.Debug|Any CPU.ActiveCfg = Debug|Any CPU
		{83816BC1-F644-4FCA-AF89-235C25F534B8}.Debug|Any CPU.Build.0 = Debug|Any CPU
		{83816BC1-F644-4FCA-AF89-235C25F534B8}.Release|Any CPU.ActiveCfg = Release|Any CPU
		{83816BC1-F644-4FCA-AF89-235C25F534B8}.Release|Any CPU.Build.0 = Release|Any CPU
		{E5B89C15-71F5-43B8-A36D-00F9259B50A7}.Debug|Any CPU.ActiveCfg = Debug|Any CPU
		{E5B89C15-71F5-43B8-A36D-00F9259B50A7}.Debug|Any CPU.Build.0 = Debug|Any CPU
		{E5B89C15-71F5-43B8-A36D-00F9259B50A7}.Release|Any CPU.ActiveCfg = Release|Any CPU
		{E5B89C15-71F5-43B8-A36D-00F9259B50A7}.Release|Any CPU.Build.0 = Release|Any CPU
	EndGlobalSection
	GlobalSection(SolutionProperties) = preSolution
		HideSolutionNode = FALSE
	EndGlobalSection
	GlobalSection(ExtensibilityGlobals) = postSolution
		SolutionGuid = {94FA1702-6EE6-40E9-9F75-352E513C00E3}
	EndGlobalSection
EndGlobal
