
Microsoft Visual Studio Solution File, Format Version 12.00
# Visual Studio 15
VisualStudioVersion = 15.0.28307.106
MinimumVisualStudioVersion = 10.0.40219.1
Project("{FAE04EC0-301F-11D3-BF4B-00C04F79EFBC}") = "ModernShopping.WebUI", "ModernShopping.WebUI\ModernShopping.WebUI.csproj", "{5D4BE558-7555-4882-8F07-B3051083DAB8}"
EndProject
Project("{FAE04EC0-301F-11D3-BF4B-00C04F79EFBC}") = "ModernShopping.Application", "ModernShopping.Application\ModernShopping.Application.csproj", "{AC7C72EC-5575-4E69-AAE4-248EBEC109FE}"
EndProject
Project("{FAE04EC0-301F-11D3-BF4B-00C04F79EFBC}") = "ModernShopping.Persistence", "ModernShopping.Persistence\ModernShopping.Persistence.csproj", "{59DC79C9-336E-42FC-8E6A-BEBCA0D824F5}"
EndProject
Global
	GlobalSection(SolutionConfigurationPlatforms) = preSolution
		Debug|Any CPU = Debug|Any CPU
		Release|Any CPU = Release|Any CPU
	EndGlobalSection
	GlobalSection(ProjectConfigurationPlatforms) = postSolution
		{5D4BE558-7555-4882-8F07-B3051083DAB8}.Debug|Any CPU.ActiveCfg = Debug|Any CPU
		{5D4BE558-7555-4882-8F07-B3051083DAB8}.Debug|Any CPU.Build.0 = Debug|Any CPU
		{5D4BE558-7555-4882-8F07-B3051083DAB8}.Release|Any CPU.ActiveCfg = Release|Any CPU
		{5D4BE558-7555-4882-8F07-B3051083DAB8}.Release|Any CPU.Build.0 = Release|Any CPU
		{AC7C72EC-5575-4E69-AAE4-248EBEC109FE}.Debug|Any CPU.ActiveCfg = Debug|Any CPU
		{AC7C72EC-5575-4E69-AAE4-248EBEC109FE}.Debug|Any CPU.Build.0 = Debug|Any CPU
		{AC7C72EC-5575-4E69-AAE4-248EBEC109FE}.Release|Any CPU.ActiveCfg = Release|Any CPU
		{AC7C72EC-5575-4E69-AAE4-248EBEC109FE}.Release|Any CPU.Build.0 = Release|Any CPU
		{59DC79C9-336E-42FC-8E6A-BEBCA0D824F5}.Debug|Any CPU.ActiveCfg = Debug|Any CPU
		{59DC79C9-336E-42FC-8E6A-BEBCA0D824F5}.Debug|Any CPU.Build.0 = Debug|Any CPU
		{59DC79C9-336E-42FC-8E6A-BEBCA0D824F5}.Release|Any CPU.ActiveCfg = Release|Any CPU
		{59DC79C9-336E-42FC-8E6A-BEBCA0D824F5}.Release|Any CPU.Build.0 = Release|Any CPU
	EndGlobalSection
	GlobalSection(SolutionProperties) = preSolution
		HideSolutionNode = FALSE
	EndGlobalSection
	GlobalSection(ExtensibilityGlobals) = postSolution
		SolutionGuid = {94FA1702-6EE6-40E9-9F75-352E513C00E3}
	EndGlobalSection
EndGlobal
